<Solution>
  <Folder Name="/src/">
    <Project Path="src/SecsFrame.Gem/SecsFrame.Gem.csproj" />
    <Project Path="src/SecsFrame.Sml/SecsFrame.Sml.csproj" />
    <Project Path="src/SecsFrame.Trace/SecsFrame.Trace.csproj" />
    <Project Path="src/SecsFrame/SecsFrame.csproj" />
  </Folder>
  <Folder Name="/test/">
    <Project Path="test/SecsFrame.Secs4NetInterop.Tests/SecsFrame.Secs4NetInterop.Tests.csproj" />
    <Project Path="test/SecsFrame.Tests/SecsFrame.Tests.csproj" />
  </Folder>
</Solution>
